// !$*UTF8*$!
{
	archiveVersion = 1;
	classes = {
	};
	objectVersion = 50;
	objects = {

/* Begin PBXBuildFile section */
		240D390025E3D544008E1C61 /* MapViewController.swift in Sources */ = {isa = PBXBuildFile; fileRef = 240D38FF25E3D544008E1C61 /* MapViewController.swift */; };
		240DFAB325D1007100AD5350 /* HomeViewController.swift in Sources */ = {isa = PBXBuildFile; fileRef = 240DFAB225D1007100AD5350 /* HomeViewController.swift */; };
		240DFAB925D1019500AD5350 /* HomeDataProvider.swift in Sources */ = {isa = PBXBuildFile; fileRef = 240DFAB825D1019500AD5350 /* HomeDataProvider.swift */; };
		241B6D2E25C7BD210091643F /* Item.storyboard in Resources */ = {isa = PBXBuildFile; fileRef = 241B6D2D25C7BD210091643F /* Item.storyboard */; };
		241B6D3125C7BD630091643F /* Member.storyboard in Resources */ = {isa = PBXBuildFile; fileRef = 241B6D3025C7BD630091643F /* Member.storyboard */; };
		2420B57025D0FCF40022EDAD /* HomeTableViewCell.swift in Sources */ = {isa = PBXBuildFile; fileRef = 2420B56E25D0FCF40022EDAD /* HomeTableViewCell.swift */; };
		2420B57125D0FCF40022EDAD /* HomeTableViewCell.xib in Resources */ = {isa = PBXBuildFile; fileRef = 2420B56F25D0FCF40022EDAD /* HomeTableViewCell.xib */; };
		245D327325CD40E300726CAA /* Report.storyboard in Resources */ = {isa = PBXBuildFile; fileRef = 245D327225CD40E300726CAA /* Report.storyboard */; };
		245D328825CD4D5400726CAA /* PFLabel.swift in Sources */ = {isa = PBXBuildFile; fileRef = 245D328725CD4D5400726CAA /* PFLabel.swift */; };
		245D329225D0E4A100726CAA /* ItemViewController.swift in Sources */ = {isa = PBXBuildFile; fileRef = 245D329125D0E4A100726CAA /* ItemViewController.swift */; };
		245D329D25D0E5A400726CAA /* ItemCollectionViewCell.swift in Sources */ = {isa = PBXBuildFile; fileRef = 245D329B25D0E5A400726CAA /* ItemCollectionViewCell.swift */; };
		245D329E25D0E5A400726CAA /* ItemCollectionViewCell.xib in Resources */ = {isa = PBXBuildFile; fileRef = 245D329C25D0E5A400726CAA /* ItemCollectionViewCell.xib */; };
		248785D625F6108B00CA96F2 /* Date+Extension.swift in Sources */ = {isa = PBXBuildFile; fileRef = 248785D525F6108B00CA96F2 /* Date+Extension.swift */; };
		248785DB25F6109A00CA96F2 /* CalendarCollectionViewCell.swift in Sources */ = {isa = PBXBuildFile; fileRef = 248785D825F6109A00CA96F2 /* CalendarCollectionViewCell.swift */; };
		248785DC25F6109A00CA96F2 /* CalendarView.swift in Sources */ = {isa = PBXBuildFile; fileRef = 248785D925F6109A00CA96F2 /* CalendarView.swift */; };
		248785DD25F6109A00CA96F2 /* CalendarManager.swift in Sources */ = {isa = PBXBuildFile; fileRef = 248785DA25F6109A00CA96F2 /* CalendarManager.swift */; };
		24A58CE525D1289A0058A819 /* BaseViewController.swift in Sources */ = {isa = PBXBuildFile; fileRef = 24A58CE425D1289A0058A819 /* BaseViewController.swift */; };
		24A58CE925D129030058A819 /* UIColor+Extension.swift in Sources */ = {isa = PBXBuildFile; fileRef = 24A58CE825D129030058A819 /* UIColor+Extension.swift */; };
		24A58CED25D1300C0058A819 /* UICollectionView+Extension.swift in Sources */ = {isa = PBXBuildFile; fileRef = 24A58CEC25D1300C0058A819 /* UICollectionView+Extension.swift */; };
		24A58CFE25D689B10058A819 /* HTTPClient.swift in Sources */ = {isa = PBXBuildFile; fileRef = 24A58CFD25D689B10058A819 /* HTTPClient.swift */; };
		24A61FB625E31B7E00E05639 /* FeatureHeaderCollectionReusableView.swift in Sources */ = {isa = PBXBuildFile; fileRef = 24A61FB425E31B7E00E05639 /* FeatureHeaderCollectionReusableView.swift */; };
		24A61FB725E31B7E00E05639 /* FeatureHeaderCollectionReusableView.xib in Resources */ = {isa = PBXBuildFile; fileRef = 24A61FB525E31B7E00E05639 /* FeatureHeaderCollectionReusableView.xib */; };
		24B1FA3125E3AC6300186AB6 /* UserProfileDataProvider.swift in Sources */ = {isa = PBXBuildFile; fileRef = 24B1FA3025E3AC6300186AB6 /* UserProfileDataProvider.swift */; };
		24B1FA3A25E3C40100186AB6 /* Map.storyboard in Resources */ = {isa = PBXBuildFile; fileRef = 24B1FA3925E3C40100186AB6 /* Map.storyboard */; };
		24B1FA4025E3C48B00186AB6 /* Main.storyboard in Resources */ = {isa = PBXBuildFile; fileRef = 24B1FA3F25E3C48B00186AB6 /* Main.storyboard */; };
		24B1FA4825E3C4D000186AB6 /* LaunchScreen.storyboard in Resources */ = {isa = PBXBuildFile; fileRef = 24B1FA4725E3C4D000186AB6 /* LaunchScreen.storyboard */; };
		24CC5B6325E509D00018B542 /* MapKit.framework in Frameworks */ = {isa = PBXBuildFile; fileRef = 24CC5B6225E509CF0018B542 /* MapKit.framework */; };
		24F7483125E246E9009CDA35 /* ViewAnimationHelper.swift in Sources */ = {isa = PBXBuildFile; fileRef = 24F7483025E246E9009CDA35 /* ViewAnimationHelper.swift */; };
		24F7485125E2F045009CDA35 /* ItemDetailViewController.swift in Sources */ = {isa = PBXBuildFile; fileRef = 24F7485025E2F045009CDA35 /* ItemDetailViewController.swift */; };
		24F7486A25E2FC12009CDA35 /* ItemDetailTableViewCell.swift in Sources */ = {isa = PBXBuildFile; fileRef = 24F7486825E2FC12009CDA35 /* ItemDetailTableViewCell.swift */; };
		24F7486B25E2FC12009CDA35 /* ItemDetailTableViewCell.xib in Resources */ = {isa = PBXBuildFile; fileRef = 24F7486925E2FC12009CDA35 /* ItemDetailTableViewCell.xib */; };
		24F7486F25E305CE009CDA35 /* UILabel+Extension.swift in Sources */ = {isa = PBXBuildFile; fileRef = 24F7486E25E305CE009CDA35 /* UILabel+Extension.swift */; };
		24F7487325E314FF009CDA35 /* UserProfileViewController.swift in Sources */ = {isa = PBXBuildFile; fileRef = 24F7487225E314FE009CDA35 /* UserProfileViewController.swift */; };
		24F7488225E31742009CDA35 /* UserProfileCollectionViewCell.swift in Sources */ = {isa = PBXBuildFile; fileRef = 24F7488025E31742009CDA35 /* UserProfileCollectionViewCell.swift */; };
		24F7488325E31742009CDA35 /* UserProfileCollectionViewCell.xib in Resources */ = {isa = PBXBuildFile; fileRef = 24F7488125E31742009CDA35 /* UserProfileCollectionViewCell.xib */; };
		24F7488725E31750009CDA35 /* FeatureCollectionViewCell.swift in Sources */ = {isa = PBXBuildFile; fileRef = 24F7488525E31750009CDA35 /* FeatureCollectionViewCell.swift */; };
		24F7488825E31750009CDA35 /* FeatureCollectionViewCell.xib in Resources */ = {isa = PBXBuildFile; fileRef = 24F7488625E31750009CDA35 /* FeatureCollectionViewCell.xib */; };
		452BCBB925BEBD2B00838E06 /* UITableView+Extension.swift in Sources */ = {isa = PBXBuildFile; fileRef = 452BCBB825BEBD2B00838E06 /* UITableView+Extension.swift */; };
		457360CB25F4D3C000333749 /* AddCar.storyboard in Resources */ = {isa = PBXBuildFile; fileRef = 457360CA25F4D3C000333749 /* AddCar.storyboard */; };
		457360D425F4DB8100333749 /* AddCarTableViewCell.swift in Sources */ = {isa = PBXBuildFile; fileRef = 457360D225F4DB8100333749 /* AddCarTableViewCell.swift */; };
		457360D525F4DB8100333749 /* AddCarTableViewCell.xib in Resources */ = {isa = PBXBuildFile; fileRef = 457360D325F4DB8100333749 /* AddCarTableViewCell.xib */; };
		457360DB25F51B1900333749 /* AddCarViewController.swift in Sources */ = {isa = PBXBuildFile; fileRef = 457360DA25F51B1900333749 /* AddCarViewController.swift */; };
		457A970325B9465C00A59014 /* AppDelegate.swift in Sources */ = {isa = PBXBuildFile; fileRef = 457A970225B9465C00A59014 /* AppDelegate.swift */; };
		457A970525B9465C00A59014 /* SceneDelegate.swift in Sources */ = {isa = PBXBuildFile; fileRef = 457A970425B9465C00A59014 /* SceneDelegate.swift */; };
		457A970C25B9465D00A59014 /* Assets.xcassets in Resources */ = {isa = PBXBuildFile; fileRef = 457A970B25B9465D00A59014 /* Assets.xcassets */; };
		457A973D25BEB52F00A59014 /* UIView+Extension.swift in Sources */ = {isa = PBXBuildFile; fileRef = 457A973C25BEB52F00A59014 /* UIView+Extension.swift */; };
		457A974225BEB68500A59014 /* UIScreen+Extension.swift in Sources */ = {isa = PBXBuildFile; fileRef = 457A974125BEB68500A59014 /* UIScreen+Extension.swift */; };
		4580C11825C29B47003E2814 /* UIImageView+Extension.swift in Sources */ = {isa = PBXBuildFile; fileRef = 4580C11725C29B47003E2814 /* UIImageView+Extension.swift */; };
		45AE40D925F52DF20073BD10 /* ReportViewController.swift in Sources */ = {isa = PBXBuildFile; fileRef = 45AE40D825F52DF20073BD10 /* ReportViewController.swift */; };
/* End PBXBuildFile section */

/* Begin PBXFileReference section */
		240D38FF25E3D544008E1C61 /* MapViewController.swift */ = {isa = PBXFileReference; fileEncoding = 4; lastKnownFileType = sourcecode.swift; path = MapViewController.swift; sourceTree = "<group>"; };
		240DFAB225D1007100AD5350 /* HomeViewController.swift */ = {isa = PBXFileReference; lastKnownFileType = sourcecode.swift; path = HomeViewController.swift; sourceTree = "<group>"; };
		240DFAB825D1019500AD5350 /* HomeDataProvider.swift */ = {isa = PBXFileReference; lastKnownFileType = sourcecode.swift; path = HomeDataProvider.swift; sourceTree = "<group>"; };
		241B6D2D25C7BD210091643F /* Item.storyboard */ = {isa = PBXFileReference; lastKnownFileType = file.storyboard; path = Item.storyboard; sourceTree = "<group>"; };
		241B6D3025C7BD630091643F /* Member.storyboard */ = {isa = PBXFileReference; lastKnownFileType = file.storyboard; path = Member.storyboard; sourceTree = "<group>"; };
		2420B56E25D0FCF40022EDAD /* HomeTableViewCell.swift */ = {isa = PBXFileReference; lastKnownFileType = sourcecode.swift; path = HomeTableViewCell.swift; sourceTree = "<group>"; };
		2420B56F25D0FCF40022EDAD /* HomeTableViewCell.xib */ = {isa = PBXFileReference; lastKnownFileType = file.xib; path = HomeTableViewCell.xib; sourceTree = "<group>"; };
		245D327225CD40E300726CAA /* Report.storyboard */ = {isa = PBXFileReference; lastKnownFileType = file.storyboard; path = Report.storyboard; sourceTree = "<group>"; };
		245D328725CD4D5400726CAA /* PFLabel.swift */ = {isa = PBXFileReference; lastKnownFileType = sourcecode.swift; path = PFLabel.swift; sourceTree = "<group>"; };
		245D329125D0E4A100726CAA /* ItemViewController.swift */ = {isa = PBXFileReference; lastKnownFileType = sourcecode.swift; path = ItemViewController.swift; sourceTree = "<group>"; };
		245D329B25D0E5A400726CAA /* ItemCollectionViewCell.swift */ = {isa = PBXFileReference; lastKnownFileType = sourcecode.swift; path = ItemCollectionViewCell.swift; sourceTree = "<group>"; };
		245D329C25D0E5A400726CAA /* ItemCollectionViewCell.xib */ = {isa = PBXFileReference; lastKnownFileType = file.xib; path = ItemCollectionViewCell.xib; sourceTree = "<group>"; };
		248785D525F6108B00CA96F2 /* Date+Extension.swift */ = {isa = PBXFileReference; fileEncoding = 4; lastKnownFileType = sourcecode.swift; path = "Date+Extension.swift"; sourceTree = "<group>"; };
		248785D825F6109A00CA96F2 /* CalendarCollectionViewCell.swift */ = {isa = PBXFileReference; fileEncoding = 4; lastKnownFileType = sourcecode.swift; path = CalendarCollectionViewCell.swift; sourceTree = "<group>"; };
		248785D925F6109A00CA96F2 /* CalendarView.swift */ = {isa = PBXFileReference; fileEncoding = 4; lastKnownFileType = sourcecode.swift; path = CalendarView.swift; sourceTree = "<group>"; };
		248785DA25F6109A00CA96F2 /* CalendarManager.swift */ = {isa = PBXFileReference; fileEncoding = 4; lastKnownFileType = sourcecode.swift; path = CalendarManager.swift; sourceTree = "<group>"; };
		24A58CE425D1289A0058A819 /* BaseViewController.swift */ = {isa = PBXFileReference; lastKnownFileType = sourcecode.swift; path = BaseViewController.swift; sourceTree = "<group>"; };
		24A58CE825D129030058A819 /* UIColor+Extension.swift */ = {isa = PBXFileReference; lastKnownFileType = sourcecode.swift; path = "UIColor+Extension.swift"; sourceTree = "<group>"; };
		24A58CEC25D1300C0058A819 /* UICollectionView+Extension.swift */ = {isa = PBXFileReference; lastKnownFileType = sourcecode.swift; path = "UICollectionView+Extension.swift"; sourceTree = "<group>"; };
		24A58CFD25D689B10058A819 /* HTTPClient.swift */ = {isa = PBXFileReference; lastKnownFileType = sourcecode.swift; path = HTTPClient.swift; sourceTree = "<group>"; };
		24A61FB425E31B7E00E05639 /* FeatureHeaderCollectionReusableView.swift */ = {isa = PBXFileReference; lastKnownFileType = sourcecode.swift; path = FeatureHeaderCollectionReusableView.swift; sourceTree = "<group>"; };
		24A61FB525E31B7E00E05639 /* FeatureHeaderCollectionReusableView.xib */ = {isa = PBXFileReference; lastKnownFileType = file.xib; path = FeatureHeaderCollectionReusableView.xib; sourceTree = "<group>"; };
		24B1FA3025E3AC6300186AB6 /* UserProfileDataProvider.swift */ = {isa = PBXFileReference; lastKnownFileType = sourcecode.swift; path = UserProfileDataProvider.swift; sourceTree = "<group>"; };
		24B1FA3925E3C40100186AB6 /* Map.storyboard */ = {isa = PBXFileReference; fileEncoding = 4; lastKnownFileType = file.storyboard; path = Map.storyboard; sourceTree = "<group>"; };
		24B1FA3F25E3C48B00186AB6 /* Main.storyboard */ = {isa = PBXFileReference; fileEncoding = 4; lastKnownFileType = file.storyboard; name = Main.storyboard; path = Puff/View/Main.storyboard; sourceTree = SOURCE_ROOT; };
		24B1FA4725E3C4D000186AB6 /* LaunchScreen.storyboard */ = {isa = PBXFileReference; fileEncoding = 4; lastKnownFileType = file.storyboard; path = LaunchScreen.storyboard; sourceTree = "<group>"; };
		24CC5B6225E509CF0018B542 /* MapKit.framework */ = {isa = PBXFileReference; lastKnownFileType = wrapper.framework; name = MapKit.framework; path = System/Library/Frameworks/MapKit.framework; sourceTree = SDKROOT; };
		24F7483025E246E9009CDA35 /* ViewAnimationHelper.swift */ = {isa = PBXFileReference; lastKnownFileType = sourcecode.swift; path = ViewAnimationHelper.swift; sourceTree = "<group>"; };
		24F7485025E2F045009CDA35 /* ItemDetailViewController.swift */ = {isa = PBXFileReference; lastKnownFileType = sourcecode.swift; path = ItemDetailViewController.swift; sourceTree = "<group>"; };
		24F7486825E2FC12009CDA35 /* ItemDetailTableViewCell.swift */ = {isa = PBXFileReference; lastKnownFileType = sourcecode.swift; path = ItemDetailTableViewCell.swift; sourceTree = "<group>"; };
		24F7486925E2FC12009CDA35 /* ItemDetailTableViewCell.xib */ = {isa = PBXFileReference; lastKnownFileType = file.xib; path = ItemDetailTableViewCell.xib; sourceTree = "<group>"; };
		24F7486E25E305CE009CDA35 /* UILabel+Extension.swift */ = {isa = PBXFileReference; lastKnownFileType = sourcecode.swift; path = "UILabel+Extension.swift"; sourceTree = "<group>"; };
		24F7487225E314FE009CDA35 /* UserProfileViewController.swift */ = {isa = PBXFileReference; lastKnownFileType = sourcecode.swift; path = UserProfileViewController.swift; sourceTree = "<group>"; };
		24F7488025E31742009CDA35 /* UserProfileCollectionViewCell.swift */ = {isa = PBXFileReference; lastKnownFileType = sourcecode.swift; path = UserProfileCollectionViewCell.swift; sourceTree = "<group>"; };
		24F7488125E31742009CDA35 /* UserProfileCollectionViewCell.xib */ = {isa = PBXFileReference; lastKnownFileType = file.xib; path = UserProfileCollectionViewCell.xib; sourceTree = "<group>"; };
		24F7488525E31750009CDA35 /* FeatureCollectionViewCell.swift */ = {isa = PBXFileReference; lastKnownFileType = sourcecode.swift; path = FeatureCollectionViewCell.swift; sourceTree = "<group>"; };
		24F7488625E31750009CDA35 /* FeatureCollectionViewCell.xib */ = {isa = PBXFileReference; lastKnownFileType = file.xib; path = FeatureCollectionViewCell.xib; sourceTree = "<group>"; };
		452BCBB825BEBD2B00838E06 /* UITableView+Extension.swift */ = {isa = PBXFileReference; lastKnownFileType = sourcecode.swift; path = "UITableView+Extension.swift"; sourceTree = "<group>"; };
		457360CA25F4D3C000333749 /* AddCar.storyboard */ = {isa = PBXFileReference; lastKnownFileType = file.storyboard; path = AddCar.storyboard; sourceTree = "<group>"; };
		457360D225F4DB8100333749 /* AddCarTableViewCell.swift */ = {isa = PBXFileReference; lastKnownFileType = sourcecode.swift; path = AddCarTableViewCell.swift; sourceTree = "<group>"; };
		457360D325F4DB8100333749 /* AddCarTableViewCell.xib */ = {isa = PBXFileReference; lastKnownFileType = file.xib; path = AddCarTableViewCell.xib; sourceTree = "<group>"; };
		457360DA25F51B1900333749 /* AddCarViewController.swift */ = {isa = PBXFileReference; lastKnownFileType = sourcecode.swift; name = AddCarViewController.swift; path = Puff/Controller/AddCarViewController.swift; sourceTree = SOURCE_ROOT; };
		457A96FF25B9465C00A59014 /* Puff.app */ = {isa = PBXFileReference; explicitFileType = wrapper.application; includeInIndex = 0; path = Puff.app; sourceTree = BUILT_PRODUCTS_DIR; };
		457A970225B9465C00A59014 /* AppDelegate.swift */ = {isa = PBXFileReference; lastKnownFileType = sourcecode.swift; path = AppDelegate.swift; sourceTree = "<group>"; };
		457A970425B9465C00A59014 /* SceneDelegate.swift */ = {isa = PBXFileReference; lastKnownFileType = sourcecode.swift; path = SceneDelegate.swift; sourceTree = "<group>"; };
		457A970B25B9465D00A59014 /* Assets.xcassets */ = {isa = PBXFileReference; lastKnownFileType = folder.assetcatalog; path = Assets.xcassets; sourceTree = "<group>"; };
		457A971025B9465D00A59014 /* Info.plist */ = {isa = PBXFileReference; lastKnownFileType = text.plist.xml; path = Info.plist; sourceTree = "<group>"; };
		457A973C25BEB52F00A59014 /* UIView+Extension.swift */ = {isa = PBXFileReference; lastKnownFileType = sourcecode.swift; path = "UIView+Extension.swift"; sourceTree = "<group>"; };
		457A974125BEB68500A59014 /* UIScreen+Extension.swift */ = {isa = PBXFileReference; lastKnownFileType = sourcecode.swift; path = "UIScreen+Extension.swift"; sourceTree = "<group>"; };
		4580C11725C29B47003E2814 /* UIImageView+Extension.swift */ = {isa = PBXFileReference; lastKnownFileType = sourcecode.swift; path = "UIImageView+Extension.swift"; sourceTree = "<group>"; };
		45AE40D825F52DF20073BD10 /* ReportViewController.swift */ = {isa = PBXFileReference; lastKnownFileType = sourcecode.swift; name = ReportViewController.swift; path = Puff/Controller/ReportViewController.swift; sourceTree = SOURCE_ROOT; };
/* End PBXFileReference section */

/* Begin PBXFrameworksBuildPhase section */
		457A96FC25B9465C00A59014 /* Frameworks */ = {
			isa = PBXFrameworksBuildPhase;
			buildActionMask = 2147483647;
			files = (
				24CC5B6325E509D00018B542 /* MapKit.framework in Frameworks */,
			);
			runOnlyForDeploymentPostprocessing = 0;
		};
/* End PBXFrameworksBuildPhase section */

/* Begin PBXGroup section */
		240DFAB725D1018200AD5350 /* Provider */ = {
			isa = PBXGroup;
			children = (
				240DFAB825D1019500AD5350 /* HomeDataProvider.swift */,
				24B1FA3025E3AC6300186AB6 /* UserProfileDataProvider.swift */,
			);
			path = Provider;
			sourceTree = "<group>";
		};
		240DFAC925D10ECD00AD5350 /* Startup */ = {
			isa = PBXGroup;
			children = (
				457A970225B9465C00A59014 /* AppDelegate.swift */,
				457A970425B9465C00A59014 /* SceneDelegate.swift */,
			);
			path = Startup;
			sourceTree = "<group>";
		};
		240DFACA25D10EE600AD5350 /* Model */ = {
			isa = PBXGroup;
			children = (
				24A58CFD25D689B10058A819 /* HTTPClient.swift */,
			);
			path = Model;
			sourceTree = "<group>";
		};
		2420B57325D0FCF80022EDAD /* Home */ = {
			isa = PBXGroup;
			children = (
				2420B56E25D0FCF40022EDAD /* HomeTableViewCell.swift */,
				2420B56F25D0FCF40022EDAD /* HomeTableViewCell.xib */,
			);
			path = Home;
			sourceTree = "<group>";
		};
		245BF4A225C2AAD100CC3CD9 /* Resource */ = {
			isa = PBXGroup;
			children = (
				457A970B25B9465D00A59014 /* Assets.xcassets */,
			);
			path = Resource;
			sourceTree = "<group>";
		};
		245BF4A325C2AAE200CC3CD9 /* Controller */ = {
			isa = PBXGroup;
			children = (
				24A58CE325D128860058A819 /* Base */,
				240DFAB225D1007100AD5350 /* HomeViewController.swift */,
				245D329125D0E4A100726CAA /* ItemViewController.swift */,
				24F7485025E2F045009CDA35 /* ItemDetailViewController.swift */,
				24F7487225E314FE009CDA35 /* UserProfileViewController.swift */,
				240D38FF25E3D544008E1C61 /* MapViewController.swift */,
				457360DA25F51B1900333749 /* AddCarViewController.swift */,
				45AE40D825F52DF20073BD10 /* ReportViewController.swift */,
			);
			path = Controller;
			sourceTree = "<group>";
		};
		245D328625CD4D3A00726CAA /* Base */ = {
			isa = PBXGroup;
			children = (
				245D328725CD4D5400726CAA /* PFLabel.swift */,
			);
			path = Base;
			sourceTree = "<group>";
		};
		245D329525D0E54000726CAA /* Item */ = {
			isa = PBXGroup;
			children = (
				245D329B25D0E5A400726CAA /* ItemCollectionViewCell.swift */,
				245D329C25D0E5A400726CAA /* ItemCollectionViewCell.xib */,
			);
			path = Item;
			sourceTree = "<group>";
		};
		248785D425F6103B00CA96F2 /* Calendar */ = {
			isa = PBXGroup;
			children = (
				248785D925F6109A00CA96F2 /* CalendarView.swift */,
			);
			path = Calendar;
			sourceTree = "<group>";
		};
		248785DF25F610E700CA96F2 /* Calendar */ = {
			isa = PBXGroup;
			children = (
				248785D825F6109A00CA96F2 /* CalendarCollectionViewCell.swift */,
			);
			path = Calendar;
			sourceTree = "<group>";
		};
		248785E125F6111E00CA96F2 /* Manager */ = {
			isa = PBXGroup;
			children = (
				248785DA25F6109A00CA96F2 /* CalendarManager.swift */,
			);
			path = Manager;
			sourceTree = "<group>";
		};
		24A58CE325D128860058A819 /* Base */ = {
			isa = PBXGroup;
			children = (
				24A58CE425D1289A0058A819 /* BaseViewController.swift */,
			);
			path = Base;
			sourceTree = "<group>";
		};
		24A61FB225E31B4500E05639 /* FeatureHeader */ = {
			isa = PBXGroup;
			children = (
				24A61FB425E31B7E00E05639 /* FeatureHeaderCollectionReusableView.swift */,
				24A61FB525E31B7E00E05639 /* FeatureHeaderCollectionReusableView.xib */,
			);
			path = FeatureHeader;
			sourceTree = "<group>";
		};
		24A61FB925E31B8900E05639 /* Feature */ = {
			isa = PBXGroup;
			children = (
				24F7488525E31750009CDA35 /* FeatureCollectionViewCell.swift */,
				24F7488625E31750009CDA35 /* FeatureCollectionViewCell.xib */,
			);
			path = Feature;
			sourceTree = "<group>";
		};
		24A61FBA25E31B8E00E05639 /* UserProfile */ = {
			isa = PBXGroup;
			children = (
				24F7488025E31742009CDA35 /* UserProfileCollectionViewCell.swift */,
				24F7488125E31742009CDA35 /* UserProfileCollectionViewCell.xib */,
			);
			path = UserProfile;
			sourceTree = "<group>";
		};
		24CC5B6125E509CF0018B542 /* Frameworks */ = {
			isa = PBXGroup;
			children = (
				24CC5B6225E509CF0018B542 /* MapKit.framework */,
			);
			name = Frameworks;
			sourceTree = "<group>";
		};
		24F7482F25E246D4009CDA35 /* Helper */ = {
			isa = PBXGroup;
			children = (
				24F7483025E246E9009CDA35 /* ViewAnimationHelper.swift */,
			);
			path = Helper;
			sourceTree = "<group>";
		};
		24F7485325E2FA48009CDA35 /* ItemDetail */ = {
			isa = PBXGroup;
			children = (
				24F7486825E2FC12009CDA35 /* ItemDetailTableViewCell.swift */,
				24F7486925E2FC12009CDA35 /* ItemDetailTableViewCell.xib */,
			);
			path = ItemDetail;
			sourceTree = "<group>";
		};
		24F7487525E31520009CDA35 /* UserProfile */ = {
			isa = PBXGroup;
			children = (
				24A61FBA25E31B8E00E05639 /* UserProfile */,
				24A61FB925E31B8900E05639 /* Feature */,
				24A61FB225E31B4500E05639 /* FeatureHeader */,
			);
			path = UserProfile;
			sourceTree = "<group>";
		};
		452BCBBE25BEBE3900838E06 /* View */ = {
			isa = PBXGroup;
			children = (
				248785D425F6103B00CA96F2 /* Calendar */,
				452BCBC025BEBE4200838E06 /* Nib */,
				245D328625CD4D3A00726CAA /* Base */,
				24B1FA3F25E3C48B00186AB6 /* Main.storyboard */,
				457360CA25F4D3C000333749 /* AddCar.storyboard */,
				241B6D2D25C7BD210091643F /* Item.storyboard */,
				24B1FA3925E3C40100186AB6 /* Map.storyboard */,
				245D327225CD40E300726CAA /* Report.storyboard */,
				241B6D3025C7BD630091643F /* Member.storyboard */,
				24B1FA4725E3C4D000186AB6 /* LaunchScreen.storyboard */,
			);
			path = View;
			sourceTree = "<group>";
		};
		452BCBBF25BEBE3C00838E06 /* Cell */ = {
			isa = PBXGroup;
			children = (

				248785DF25F610E700CA96F2 /* Calendar */,
				457360D725F4DB8D00333749 /* AddCar */,
				24F7487525E31520009CDA35 /* UserProfile */,
				24F7485325E2FA48009CDA35 /* ItemDetail */,
				245D329525D0E54000726CAA /* Item */,
				2420B57325D0FCF80022EDAD /* Home */,
			);
			path = Cell;
			sourceTree = "<group>";
		};
		452BCBC025BEBE4200838E06 /* Nib */ = {
			isa = PBXGroup;
			children = (
				452BCBBF25BEBE3C00838E06 /* Cell */,
			);
			path = Nib;
			sourceTree = "<group>";
		};
		457360D725F4DB8D00333749 /* AddCar */ = {
			isa = PBXGroup;
			children = (
				457360D225F4DB8100333749 /* AddCarTableViewCell.swift */,
				457360D325F4DB8100333749 /* AddCarTableViewCell.xib */,
			);
			path = AddCar;
			sourceTree = "<group>";
		};
		457A96F625B9465C00A59014 = {
			isa = PBXGroup;
			children = (
				457A970125B9465C00A59014 /* Puff */,
				457A970025B9465C00A59014 /* Products */,
				24CC5B6125E509CF0018B542 /* Frameworks */,
			);
			sourceTree = "<group>";
		};
		457A970025B9465C00A59014 /* Products */ = {
			isa = PBXGroup;
			children = (
				457A96FF25B9465C00A59014 /* Puff.app */,
			);
			name = Products;
			sourceTree = "<group>";
		};
		457A970125B9465C00A59014 /* Puff */ = {
			isa = PBXGroup;
			children = (
				248785E125F6111E00CA96F2 /* Manager */,
				24F7482F25E246D4009CDA35 /* Helper */,
				457A974025BEB66B00A59014 /* Extension */,
				240DFACA25D10EE600AD5350 /* Model */,
				240DFAB725D1018200AD5350 /* Provider */,
				240DFAC925D10ECD00AD5350 /* Startup */,
				245BF4A325C2AAE200CC3CD9 /* Controller */,
				452BCBBE25BEBE3900838E06 /* View */,
				245BF4A225C2AAD100CC3CD9 /* Resource */,
				457A971025B9465D00A59014 /* Info.plist */,
			);
			path = Puff;
			sourceTree = "<group>";
		};
		457A974025BEB66B00A59014 /* Extension */ = {
			isa = PBXGroup;
			children = (
				248785D525F6108B00CA96F2 /* Date+Extension.swift */,
				457A973C25BEB52F00A59014 /* UIView+Extension.swift */,
				457A974125BEB68500A59014 /* UIScreen+Extension.swift */,
				452BCBB825BEBD2B00838E06 /* UITableView+Extension.swift */,
				24A58CEC25D1300C0058A819 /* UICollectionView+Extension.swift */,
				4580C11725C29B47003E2814 /* UIImageView+Extension.swift */,
				24A58CE825D129030058A819 /* UIColor+Extension.swift */,
				24F7486E25E305CE009CDA35 /* UILabel+Extension.swift */,
			);
			path = Extension;
			sourceTree = "<group>";
		};
/* End PBXGroup section */

/* Begin PBXNativeTarget section */
		457A96FE25B9465C00A59014 /* Puff */ = {
			isa = PBXNativeTarget;
			buildConfigurationList = 457A971325B9465D00A59014 /* Build configuration list for PBXNativeTarget "Puff" */;
			buildPhases = (
				457A96FB25B9465C00A59014 /* Sources */,
				457A96FC25B9465C00A59014 /* Frameworks */,
				457A96FD25B9465C00A59014 /* Resources */,
			);
			buildRules = (
			);
			dependencies = (
			);
			name = Puff;
			productName = Puff;
			productReference = 457A96FF25B9465C00A59014 /* Puff.app */;
			productType = "com.apple.product-type.application";
		};
/* End PBXNativeTarget section */

/* Begin PBXProject section */
		457A96F725B9465C00A59014 /* Project object */ = {
			isa = PBXProject;
			attributes = {
				LastSwiftUpdateCheck = 1220;
				LastUpgradeCheck = 1220;
				TargetAttributes = {
					457A96FE25B9465C00A59014 = {
						CreatedOnToolsVersion = 12.2;
					};
				};
			};
			buildConfigurationList = 457A96FA25B9465C00A59014 /* Build configuration list for PBXProject "Puff" */;
			compatibilityVersion = "Xcode 9.3";
			developmentRegion = en;
			hasScannedForEncodings = 0;
			knownRegions = (
				en,
				Base,
			);
			mainGroup = 457A96F625B9465C00A59014;
			productRefGroup = 457A970025B9465C00A59014 /* Products */;
			projectDirPath = "";
			projectRoot = "";
			targets = (
				457A96FE25B9465C00A59014 /* Puff */,
			);
		};
/* End PBXProject section */

/* Begin PBXResourcesBuildPhase section */
		457A96FD25B9465C00A59014 /* Resources */ = {
			isa = PBXResourcesBuildPhase;
			buildActionMask = 2147483647;
			files = (
				241B6D3125C7BD630091643F /* Member.storyboard in Resources */,
				24F7488825E31750009CDA35 /* FeatureCollectionViewCell.xib in Resources */,
				24A61FB725E31B7E00E05639 /* FeatureHeaderCollectionReusableView.xib in Resources */,
				24F7486B25E2FC12009CDA35 /* ItemDetailTableViewCell.xib in Resources */,
				245D329E25D0E5A400726CAA /* ItemCollectionViewCell.xib in Resources */,
				457A970C25B9465D00A59014 /* Assets.xcassets in Resources */,
				24B1FA4025E3C48B00186AB6 /* Main.storyboard in Resources */,
				457360D525F4DB8100333749 /* AddCarTableViewCell.xib in Resources */,
				457360CB25F4D3C000333749 /* AddCar.storyboard in Resources */,
				24B1FA4825E3C4D000186AB6 /* LaunchScreen.storyboard in Resources */,
				241B6D2E25C7BD210091643F /* Item.storyboard in Resources */,
				2420B57125D0FCF40022EDAD /* HomeTableViewCell.xib in Resources */,
				24F7488325E31742009CDA35 /* UserProfileCollectionViewCell.xib in Resources */,
				245D327325CD40E300726CAA /* Report.storyboard in Resources */,
				24B1FA3A25E3C40100186AB6 /* Map.storyboard in Resources */,
			);
			runOnlyForDeploymentPostprocessing = 0;
		};
/* End PBXResourcesBuildPhase section */

/* Begin PBXSourcesBuildPhase section */
		457A96FB25B9465C00A59014 /* Sources */ = {
			isa = PBXSourcesBuildPhase;
			buildActionMask = 2147483647;
			files = (
				4580C11825C29B47003E2814 /* UIImageView+Extension.swift in Sources */,
				2420B57025D0FCF40022EDAD /* HomeTableViewCell.swift in Sources */,
				245D328825CD4D5400726CAA /* PFLabel.swift in Sources */,
				24F7488725E31750009CDA35 /* FeatureCollectionViewCell.swift in Sources */,
				24F7488225E31742009CDA35 /* UserProfileCollectionViewCell.swift in Sources */,
				24A58CE925D129030058A819 /* UIColor+Extension.swift in Sources */,
				457A970325B9465C00A59014 /* AppDelegate.swift in Sources */,

				248785DC25F6109A00CA96F2 /* CalendarView.swift in Sources */,
				457360DB25F51B1900333749 /* AddCarViewController.swift in Sources */,
				240DFAB325D1007100AD5350 /* HomeViewController.swift in Sources */,
				248785DD25F6109A00CA96F2 /* CalendarManager.swift in Sources */,
				248785DB25F6109A00CA96F2 /* CalendarCollectionViewCell.swift in Sources */,
				248785D625F6108B00CA96F2 /* Date+Extension.swift in Sources */,
				452BCBB925BEBD2B00838E06 /* UITableView+Extension.swift in Sources */,
				245D329225D0E4A100726CAA /* ItemViewController.swift in Sources */,
				24F7486A25E2FC12009CDA35 /* ItemDetailTableViewCell.swift in Sources */,
				24F7487325E314FF009CDA35 /* UserProfileViewController.swift in Sources */,
				45AE40D925F52DF20073BD10 /* ReportViewController.swift in Sources */,
				24A61FB625E31B7E00E05639 /* FeatureHeaderCollectionReusableView.swift in Sources */,
				457A973D25BEB52F00A59014 /* UIView+Extension.swift in Sources */,
				24B1FA3125E3AC6300186AB6 /* UserProfileDataProvider.swift in Sources */,
				240DFAB925D1019500AD5350 /* HomeDataProvider.swift in Sources */,
				457A970525B9465C00A59014 /* SceneDelegate.swift in Sources */,
				24A58CE525D1289A0058A819 /* BaseViewController.swift in Sources */,
				24F7483125E246E9009CDA35 /* ViewAnimationHelper.swift in Sources */,
				457360D425F4DB8100333749 /* AddCarTableViewCell.swift in Sources */,
				240D390025E3D544008E1C61 /* MapViewController.swift in Sources */,
				457A974225BEB68500A59014 /* UIScreen+Extension.swift in Sources */,
				24F7485125E2F045009CDA35 /* ItemDetailViewController.swift in Sources */,
				24F7486F25E305CE009CDA35 /* UILabel+Extension.swift in Sources */,
				245D329D25D0E5A400726CAA /* ItemCollectionViewCell.swift in Sources */,
				24A58CFE25D689B10058A819 /* HTTPClient.swift in Sources */,
				24A58CED25D1300C0058A819 /* UICollectionView+Extension.swift in Sources */,
			);
			runOnlyForDeploymentPostprocessing = 0;
		};
/* End PBXSourcesBuildPhase section */

/* Begin XCBuildConfiguration section */
		457A971125B9465D00A59014 /* Debug */ = {
			isa = XCBuildConfiguration;
			buildSettings = {
				ALWAYS_SEARCH_USER_PATHS = NO;
				CLANG_ANALYZER_NONNULL = YES;
				CLANG_ANALYZER_NUMBER_OBJECT_CONVERSION = YES_AGGRESSIVE;
				CLANG_CXX_LANGUAGE_STANDARD = "gnu++14";
				CLANG_CXX_LIBRARY = "libc++";
				CLANG_ENABLE_MODULES = YES;
				CLANG_ENABLE_OBJC_ARC = YES;
				CLANG_ENABLE_OBJC_WEAK = YES;
				CLANG_WARN_BLOCK_CAPTURE_AUTORELEASING = YES;
				CLANG_WARN_BOOL_CONVERSION = YES;
				CLANG_WARN_COMMA = YES;
				CLANG_WARN_CONSTANT_CONVERSION = YES;
				CLANG_WARN_DEPRECATED_OBJC_IMPLEMENTATIONS = YES;
				CLANG_WARN_DIRECT_OBJC_ISA_USAGE = YES_ERROR;
				CLANG_WARN_DOCUMENTATION_COMMENTS = YES;
				CLANG_WARN_EMPTY_BODY = YES;
				CLANG_WARN_ENUM_CONVERSION = YES;
				CLANG_WARN_INFINITE_RECURSION = YES;
				CLANG_WARN_INT_CONVERSION = YES;
				CLANG_WARN_NON_LITERAL_NULL_CONVERSION = YES;
				CLANG_WARN_OBJC_IMPLICIT_RETAIN_SELF = YES;
				CLANG_WARN_OBJC_LITERAL_CONVERSION = YES;
				CLANG_WARN_OBJC_ROOT_CLASS = YES_ERROR;
				CLANG_WARN_QUOTED_INCLUDE_IN_FRAMEWORK_HEADER = YES;
				CLANG_WARN_RANGE_LOOP_ANALYSIS = YES;
				CLANG_WARN_STRICT_PROTOTYPES = YES;
				CLANG_WARN_SUSPICIOUS_MOVE = YES;
				CLANG_WARN_UNGUARDED_AVAILABILITY = YES_AGGRESSIVE;
				CLANG_WARN_UNREACHABLE_CODE = YES;
				CLANG_WARN__DUPLICATE_METHOD_MATCH = YES;
				COPY_PHASE_STRIP = NO;
				DEBUG_INFORMATION_FORMAT = dwarf;
				ENABLE_STRICT_OBJC_MSGSEND = YES;
				ENABLE_TESTABILITY = YES;
				GCC_C_LANGUAGE_STANDARD = gnu11;
				GCC_DYNAMIC_NO_PIC = NO;
				GCC_NO_COMMON_BLOCKS = YES;
				GCC_OPTIMIZATION_LEVEL = 0;
				GCC_PREPROCESSOR_DEFINITIONS = (
					"DEBUG=1",
					"$(inherited)",
				);
				GCC_WARN_64_TO_32_BIT_CONVERSION = YES;
				GCC_WARN_ABOUT_RETURN_TYPE = YES_ERROR;
				GCC_WARN_UNDECLARED_SELECTOR = YES;
				GCC_WARN_UNINITIALIZED_AUTOS = YES_AGGRESSIVE;
				GCC_WARN_UNUSED_FUNCTION = YES;
				GCC_WARN_UNUSED_VARIABLE = YES;
				IPHONEOS_DEPLOYMENT_TARGET = 14.2;
				MTL_ENABLE_DEBUG_INFO = INCLUDE_SOURCE;
				MTL_FAST_MATH = YES;
				ONLY_ACTIVE_ARCH = YES;
				SDKROOT = iphoneos;
				SWIFT_ACTIVE_COMPILATION_CONDITIONS = DEBUG;
				SWIFT_OPTIMIZATION_LEVEL = "-Onone";
			};
			name = Debug;
		};
		457A971225B9465D00A59014 /* Release */ = {
			isa = XCBuildConfiguration;
			buildSettings = {
				ALWAYS_SEARCH_USER_PATHS = NO;
				CLANG_ANALYZER_NONNULL = YES;
				CLANG_ANALYZER_NUMBER_OBJECT_CONVERSION = YES_AGGRESSIVE;
				CLANG_CXX_LANGUAGE_STANDARD = "gnu++14";
				CLANG_CXX_LIBRARY = "libc++";
				CLANG_ENABLE_MODULES = YES;
				CLANG_ENABLE_OBJC_ARC = YES;
				CLANG_ENABLE_OBJC_WEAK = YES;
				CLANG_WARN_BLOCK_CAPTURE_AUTORELEASING = YES;
				CLANG_WARN_BOOL_CONVERSION = YES;
				CLANG_WARN_COMMA = YES;
				CLANG_WARN_CONSTANT_CONVERSION = YES;
				CLANG_WARN_DEPRECATED_OBJC_IMPLEMENTATIONS = YES;
				CLANG_WARN_DIRECT_OBJC_ISA_USAGE = YES_ERROR;
				CLANG_WARN_DOCUMENTATION_COMMENTS = YES;
				CLANG_WARN_EMPTY_BODY = YES;
				CLANG_WARN_ENUM_CONVERSION = YES;
				CLANG_WARN_INFINITE_RECURSION = YES;
				CLANG_WARN_INT_CONVERSION = YES;
				CLANG_WARN_NON_LITERAL_NULL_CONVERSION = YES;
				CLANG_WARN_OBJC_IMPLICIT_RETAIN_SELF = YES;
				CLANG_WARN_OBJC_LITERAL_CONVERSION = YES;
				CLANG_WARN_OBJC_ROOT_CLASS = YES_ERROR;
				CLANG_WARN_QUOTED_INCLUDE_IN_FRAMEWORK_HEADER = YES;
				CLANG_WARN_RANGE_LOOP_ANALYSIS = YES;
				CLANG_WARN_STRICT_PROTOTYPES = YES;
				CLANG_WARN_SUSPICIOUS_MOVE = YES;
				CLANG_WARN_UNGUARDED_AVAILABILITY = YES_AGGRESSIVE;
				CLANG_WARN_UNREACHABLE_CODE = YES;
				CLANG_WARN__DUPLICATE_METHOD_MATCH = YES;
				COPY_PHASE_STRIP = NO;
				DEBUG_INFORMATION_FORMAT = "dwarf-with-dsym";
				ENABLE_NS_ASSERTIONS = NO;
				ENABLE_STRICT_OBJC_MSGSEND = YES;
				GCC_C_LANGUAGE_STANDARD = gnu11;
				GCC_NO_COMMON_BLOCKS = YES;
				GCC_WARN_64_TO_32_BIT_CONVERSION = YES;
				GCC_WARN_ABOUT_RETURN_TYPE = YES_ERROR;
				GCC_WARN_UNDECLARED_SELECTOR = YES;
				GCC_WARN_UNINITIALIZED_AUTOS = YES_AGGRESSIVE;
				GCC_WARN_UNUSED_FUNCTION = YES;
				GCC_WARN_UNUSED_VARIABLE = YES;
				IPHONEOS_DEPLOYMENT_TARGET = 14.2;
				MTL_ENABLE_DEBUG_INFO = NO;
				MTL_FAST_MATH = YES;
				SDKROOT = iphoneos;
				SWIFT_COMPILATION_MODE = wholemodule;
				SWIFT_OPTIMIZATION_LEVEL = "-O";
				VALIDATE_PRODUCT = YES;
			};
			name = Release;
		};
		457A971425B9465D00A59014 /* Debug */ = {
			isa = XCBuildConfiguration;
			buildSettings = {
				ASSETCATALOG_COMPILER_APPICON_NAME = AppIcon;
				ASSETCATALOG_COMPILER_GLOBAL_ACCENT_COLOR_NAME = AccentColor;
				CODE_SIGN_STYLE = Automatic;
				DEVELOPMENT_TEAM = 962F6WYS3M;
				INFOPLIST_FILE = Puff/Info.plist;
				LD_RUNPATH_SEARCH_PATHS = (
					"$(inherited)",
					"@executable_path/Frameworks",
				);
				PRODUCT_BUNDLE_IDENTIFIER = com.max.Puff;
				PRODUCT_NAME = "$(TARGET_NAME)";
				SWIFT_VERSION = 5.0;
				TARGETED_DEVICE_FAMILY = "1,2";
			};
			name = Debug;
		};
		457A971525B9465D00A59014 /* Release */ = {
			isa = XCBuildConfiguration;
			buildSettings = {
				ASSETCATALOG_COMPILER_APPICON_NAME = AppIcon;
				ASSETCATALOG_COMPILER_GLOBAL_ACCENT_COLOR_NAME = AccentColor;
				CODE_SIGN_STYLE = Automatic;
				DEVELOPMENT_TEAM = 962F6WYS3M;
				INFOPLIST_FILE = Puff/Info.plist;
				LD_RUNPATH_SEARCH_PATHS = (
					"$(inherited)",
					"@executable_path/Frameworks",
				);
				PRODUCT_BUNDLE_IDENTIFIER = com.max.Puff;
				PRODUCT_NAME = "$(TARGET_NAME)";
				SWIFT_VERSION = 5.0;
				TARGETED_DEVICE_FAMILY = "1,2";
			};
			name = Release;
		};
/* End XCBuildConfiguration section */

/* Begin XCConfigurationList section */
		457A96FA25B9465C00A59014 /* Build configuration list for PBXProject "Puff" */ = {
			isa = XCConfigurationList;
			buildConfigurations = (
				457A971125B9465D00A59014 /* Debug */,
				457A971225B9465D00A59014 /* Release */,
			);
			defaultConfigurationIsVisible = 0;
			defaultConfigurationName = Release;
		};
		457A971325B9465D00A59014 /* Build configuration list for PBXNativeTarget "Puff" */ = {
			isa = XCConfigurationList;
			buildConfigurations = (
				457A971425B9465D00A59014 /* Debug */,
				457A971525B9465D00A59014 /* Release */,
			);
			defaultConfigurationIsVisible = 0;
			defaultConfigurationName = Release;
		};
/* End XCConfigurationList section */
	};
	rootObject = 457A96F725B9465C00A59014 /* Project object */;
}
